
Microsoft Visual Studio Solution File, Format Version 12.00
# Visual Studio Version 17
VisualStudioVersion = 17.10.35013.160
MinimumVisualStudioVersion = 10.0.40219.1
Project("{FAE04EC0-301F-11D3-BF4B-00C04F79EFBC}") = "Rahmat-Fitness", "Rahmat-Fitness\Rahmat-Fitness.csproj", "{8BA04F17-CF27-42F2-87E1-26138F13D5B4}"
EndProject
Global
	GlobalSection(SolutionConfigurationPlatforms) = preSolution
		Debug|Any CPU = Debug|Any CPU
		Release|Any CPU = Release|Any CPU
	EndGlobalSection
	GlobalSection(ProjectConfigurationPlatforms) = postSolution
		{8BA04F17-CF27-42F2-87E1-26138F13D5B4}.Debug|Any CPU.ActiveCfg = Debug|Any CPU
		{8BA04F17-CF27-42F2-87E1-26138F13D5B4}.Debug|Any CPU.Build.0 = Debug|Any CPU
		{8BA04F17-CF27-42F2-87E1-26138F13D5B4}.Release|Any CPU.ActiveCfg = Release|Any CPU
		{8BA04F17-CF27-42F2-87E1-26138F13D5B4}.Release|Any CPU.Build.0 = Release|Any CPU
	EndGlobalSection
	GlobalSection(SolutionProperties) = preSolution
		HideSolutionNode = FALSE
	EndGlobalSection
	GlobalSection(ExtensibilityGlobals) = postSolution
		SolutionGuid = {79630315-AE16-456C-AD98-730B64F01038}
	EndGlobalSection
EndGlobal
